
Microsoft Visual Studio Solution File, Format Version 12.00
# Visual Studio 15
VisualStudioVersion = 15.0.28010.2036
MinimumVisualStudioVersion = 10.0.40219.1
Project("{888888A0-9F3D-457C-B088-3A5042F75D52}") = "OPM", "OPM.pyproj", "{E0CBCBF3-1293-4D46-8846-2657099262BF}"
EndProject
Global
	GlobalSection(SolutionConfigurationPlatforms) = preSolution
		Debug|Any CPU = Debug|Any CPU
		Release|Any CPU = Release|Any CPU
	EndGlobalSection
	GlobalSection(ProjectConfigurationPlatforms) = postSolution
		{E0CBCBF3-1293-4D46-8846-2657099262BF}.Debug|Any CPU.ActiveCfg = Debug|Any CPU
		{E0CBCBF3-1293-4D46-8846-2657099262BF}.Release|Any CPU.ActiveCfg = Release|Any CPU
	EndGlobalSection
	GlobalSection(SolutionProperties) = preSolution
		HideSolutionNode = FALSE
	EndGlobalSection
	GlobalSection(ExtensibilityGlobals) = postSolution
		SolutionGuid = {DACAFE88-7CBF-4C09-A623-12F90846906B}
	EndGlobalSection
EndGlobal
